<?xml version="1.0" encoding="utf-8"?>
<Project ToolsVersion="4.0" xmlns="http://schemas.microsoft.com/developer/msbuild/2003">
  <ItemGroup>
    <Filter Include="Fichiers sources">
      <UniqueIdentifier>{4FC737F1-C7A5-4376-A066-2A32D752A2FF}</UniqueIdentifier>
      <Extensions>cpp;c;cc;cxx;def;odl;idl;hpj;bat;asm;asmx</Extensions>
    </Filter>
    <Filter Include="Fichiers d%27en-tête">
      <UniqueIdentifier>{93995380-89BD-4b04-88EB-625FBE52EBFB}</UniqueIdentifier>
      <Extensions>h;hh;hpp;hxx;hm;inl;inc;xsd</Extensions>
    </Filter>
    <Filter Include="Fichiers de ressources">
      <UniqueIdentifier>{67DA6AB6-F800-4c08-8B7A-83BB121AAD01}</UniqueIdentifier>
      <Extensions>rc;ico;cur;bmp;dlg;rc2;rct;bin;rgs;gif;jpg;jpeg;jpe;resx;tiff;tif;png;wav;mfcribbon-ms</Extensions>
    </Filter>
    <Filter Include="Fichiers de ressources\avatar">
      <UniqueIdentifier>{00d06e93-76e1-4f0b-bd40-9534412fa435}</UniqueIdentifier>
    </Filter>
    <Filter Include="Fichiers de ressources\bandeau">
      <UniqueIdentifier>{753d7d46-5e7f-48ec-bddd-c3cf2568dc7d}</UniqueIdentifier>
    </Filter>
    <Filter Include="Fichiers de ressources\credit">
      <UniqueIdentifier>{d8240b27-6c52-45e8-9a20-92aaf58bd9c2}</UniqueIdentifier>
    </Filter>
    <Filter Include="Fichiers de ressources\dialogue">
      <UniqueIdentifier>{94345636-dafc-467d-8bc9-1bf5ff9b3d2b}</UniqueIdentifier>
    </Filter>
    <Filter Include="Fichiers de ressources\ennemi">
      <UniqueIdentifier>{e31ef84d-003a-407e-a28c-3b28f4805609}</UniqueIdentifier>
    </Filter>
    <Filter Include="Fichiers de ressources\instructions">
      <UniqueIdentifier>{2e7dbb96-6e9f-44bd-ab08-2c902b880b2c}</UniqueIdentifier>
    </Filter>
    <Filter Include="Fichiers de ressources\joueur">
      <UniqueIdentifier>{a4f9a94b-a176-473c-983c-93596a6a9291}</UniqueIdentifier>
    </Filter>
    <Filter Include="Fichiers de ressources\menu">
      <UniqueIdentifier>{1f8d26bc-e611-402c-8d86-62fdb990158e}</UniqueIdentifier>
    </Filter>
    <Filter Include="Fichiers de ressources\musique">
      <UniqueIdentifier>{75265261-79b5-4028-b65b-83e5a2276832}</UniqueIdentifier>
    </Filter>
    <Filter Include="Fichiers de ressources\tir">
      <UniqueIdentifier>{cb3291a3-a87c-4106-9049-780aa504cb5c}</UniqueIdentifier>
    </Filter>
    <Filter Include="Fichiers de ressources\police">
      <UniqueIdentifier>{3c8d6a3a-c386-4da9-9b9e-a648f19538fc}</UniqueIdentifier>
    </Filter>
  </ItemGroup>
  <ItemGroup>
    <None Include="..\..\..\..\Workspace\Projects\Somalia Simulator 2014\SS14 Reborn\data\data">
      <Filter>Fichiers de ressources</Filter>
    </None>
    <None Include="..\..\..\..\Workspace\Projects\Somalia Simulator 2014\SS14 Reborn\fmodex.dll" />
    <None Include="..\..\..\..\Workspace\Projects\Somalia Simulator 2014\SS14 Reborn\libfreetype-6.dll" />
    <None Include="..\..\..\..\Workspace\Projects\Somalia Simulator 2014\SS14 Reborn\Makefile" />
    <None Include="..\..\..\..\Workspace\Projects\Somalia Simulator 2014\SS14 Reborn\pdcurses.dll" />
    <None Include="..\..\..\..\Workspace\Projects\Somalia Simulator 2014\SS14 Reborn\SDL.dll" />
    <None Include="..\..\..\..\Workspace\Projects\Somalia Simulator 2014\SS14 Reborn\SDL_ttf.dll" />
    <None Include="..\..\..\..\Workspace\Projects\Somalia Simulator 2014\SS14 Reborn\SDL2.dll" />
    <None Include="..\..\..\..\Workspace\Projects\Somalia Simulator 2014\SS14 Reborn\zlib1.dll" />
    <None Include="..\..\..\..\Workspace\Projects\Somalia Simulator 2014\SS14 Reborn\data\musique\Debut de manche.wma">
      <Filter>Fichiers de ressources\musique</Filter>
    </None>
    <None Include="..\..\..\..\Workspace\Projects\Somalia Simulator 2014\SS14 Reborn\data\musique\Explosion.wma">
      <Filter>Fichiers de ressources\musique</Filter>
    </None>
    <None Include="..\..\..\..\Workspace\Projects\Somalia Simulator 2014\SS14 Reborn\data\musique\Fin de manche.wma">
      <Filter>Fichiers de ressources\musique</Filter>
    </None>
  </ItemGroup>
  <ItemGroup>
    <Image Include="..\..\..\..\Workspace\Projects\Somalia Simulator 2014\SS14 Reborn\data\gameover.bmp">
      <Filter>Fichiers de ressources</Filter>
    </Image>
    <Image Include="..\..\..\..\Workspace\Projects\Somalia Simulator 2014\SS14 Reborn\data\map.bmp">
      <Filter>Fichiers de ressources</Filter>
    </Image>
    <Image Include="..\..\..\..\Workspace\Projects\Somalia Simulator 2014\SS14 Reborn\data\NP.ico">
      <Filter>Fichiers de ressources</Filter>
    </Image>
    <Image Include="..\..\..\..\Workspace\Projects\Somalia Simulator 2014\SS14 Reborn\data\SS14 Dark.bmp">
      <Filter>Fichiers de ressources</Filter>
    </Image>
    <Image Include="..\..\..\..\Workspace\Projects\Somalia Simulator 2014\SS14 Reborn\data\SS14.bmp">
      <Filter>Fichiers de ressources</Filter>
    </Image>
    <Image Include="..\..\..\..\Workspace\Projects\Somalia Simulator 2014\SS14 Reborn\data\SS14_icone.bmp">
      <Filter>Fichiers de ressources</Filter>
    </Image>
    <Image Include="..\..\..\..\Workspace\Projects\Somalia Simulator 2014\SS14 Reborn\data\avatar\alexmeyer_final.png">
      <Filter>Fichiers de ressources\avatar</Filter>
    </Image>
    <Image Include="..\..\..\..\Workspace\Projects\Somalia Simulator 2014\SS14 Reborn\data\avatar\Jean-David Genevaux.png">
      <Filter>Fichiers de ressources\avatar</Filter>
    </Image>
    <Image Include="..\..\..\..\Workspace\Projects\Somalia Simulator 2014\SS14 Reborn\data\avatar\Mille_Final.png">
      <Filter>Fichiers de ressources\avatar</Filter>
    </Image>
    <Image Include="..\..\..\..\Workspace\Projects\Somalia Simulator 2014\SS14 Reborn\data\avatar\Natalia_Poklonskaya_fan-art_by_Itachi_Kanade.png">
      <Filter>Fichiers de ressources\avatar</Filter>
    </Image>
    <Image Include="..\..\..\..\Workspace\Projects\Somalia Simulator 2014\SS14 Reborn\data\bandeau\bandeau.bmp">
      <Filter>Fichiers de ressources\bandeau</Filter>
    </Image>
    <Image Include="..\..\..\..\Workspace\Projects\Somalia Simulator 2014\SS14 Reborn\data\bandeau\sprite0.bmp">
      <Filter>Fichiers de ressources\bandeau</Filter>
    </Image>
    <Image Include="..\..\..\..\Workspace\Projects\Somalia Simulator 2014\SS14 Reborn\data\bandeau\sprite1.bmp">
      <Filter>Fichiers de ressources\bandeau</Filter>
    </Image>
    <Image Include="..\..\..\..\Workspace\Projects\Somalia Simulator 2014\SS14 Reborn\data\bandeau\sprite2.bmp">
      <Filter>Fichiers de ressources\bandeau</Filter>
    </Image>
    <Image Include="..\..\..\..\Workspace\Projects\Somalia Simulator 2014\SS14 Reborn\data\bandeau\sprite3.bmp">
      <Filter>Fichiers de ressources\bandeau</Filter>
    </Image>
    <Image Include="..\..\..\..\Workspace\Projects\Somalia Simulator 2014\SS14 Reborn\data\bandeau\sprite4.bmp">
      <Filter>Fichiers de ressources\bandeau</Filter>
    </Image>
    <Image Include="..\..\..\..\Workspace\Projects\Somalia Simulator 2014\SS14 Reborn\data\bandeau\sprite5.bmp">
      <Filter>Fichiers de ressources\bandeau</Filter>
    </Image>
    <Image Include="..\..\..\..\Workspace\Projects\Somalia Simulator 2014\SS14 Reborn\data\bandeau\sprite6.bmp">
      <Filter>Fichiers de ressources\bandeau</Filter>
    </Image>
    <Image Include="..\..\..\..\Workspace\Projects\Somalia Simulator 2014\SS14 Reborn\data\bandeau\sprite7.bmp">
      <Filter>Fichiers de ressources\bandeau</Filter>
    </Image>
    <Image Include="..\..\..\..\Workspace\Projects\Somalia Simulator 2014\SS14 Reborn\data\bandeau\sprite8.bmp">
      <Filter>Fichiers de ressources\bandeau</Filter>
    </Image>
    <Image Include="..\..\..\..\Workspace\Projects\Somalia Simulator 2014\SS14 Reborn\data\bandeau\sprite9.bmp">
      <Filter>Fichiers de ressources\bandeau</Filter>
    </Image>
    <Image Include="..\..\..\..\Workspace\Projects\Somalia Simulator 2014\SS14 Reborn\data\credit\credit.bmp">
      <Filter>Fichiers de ressources\credit</Filter>
    </Image>
    <Image Include="..\..\..\..\Workspace\Projects\Somalia Simulator 2014\SS14 Reborn\data\dialogue\Frame0.bmp">
      <Filter>Fichiers de ressources\dialogue</Filter>
    </Image>
    <Image Include="..\..\..\..\Workspace\Projects\Somalia Simulator 2014\SS14 Reborn\data\dialogue\Frame1.bmp">
      <Filter>Fichiers de ressources\dialogue</Filter>
    </Image>
    <Image Include="..\..\..\..\Workspace\Projects\Somalia Simulator 2014\SS14 Reborn\data\dialogue\Frame2.bmp">
      <Filter>Fichiers de ressources\dialogue</Filter>
    </Image>
    <Image Include="..\..\..\..\Workspace\Projects\Somalia Simulator 2014\SS14 Reborn\data\dialogue\Frame3.bmp">
      <Filter>Fichiers de ressources\dialogue</Filter>
    </Image>
    <Image Include="..\..\..\..\Workspace\Projects\Somalia Simulator 2014\SS14 Reborn\data\dialogue\Frame4.bmp">
      <Filter>Fichiers de ressources\dialogue</Filter>
    </Image>
    <Image Include="..\..\..\..\Workspace\Projects\Somalia Simulator 2014\SS14 Reborn\data\dialogue\Frame5.bmp">
      <Filter>Fichiers de ressources\dialogue</Filter>
    </Image>
    <Image Include="..\..\..\..\Workspace\Projects\Somalia Simulator 2014\SS14 Reborn\data\dialogue\Frame6.bmp">
      <Filter>Fichiers de ressources\dialogue</Filter>
    </Image>
    <Image Include="..\..\..\..\Workspace\Projects\Somalia Simulator 2014\SS14 Reborn\data\ennemi\sprite01.bmp">
      <Filter>Fichiers de ressources\ennemi</Filter>
    </Image>
    <Image Include="..\..\..\..\Workspace\Projects\Somalia Simulator 2014\SS14 Reborn\data\ennemi\sprite01.orig.png">
      <Filter>Fichiers de ressources\ennemi</Filter>
    </Image>
    <Image Include="..\..\..\..\Workspace\Projects\Somalia Simulator 2014\SS14 Reborn\data\ennemi\sprite02.bmp">
      <Filter>Fichiers de ressources\ennemi</Filter>
    </Image>
    <Image Include="..\..\..\..\Workspace\Projects\Somalia Simulator 2014\SS14 Reborn\data\ennemi\sprite02.orig.png">
      <Filter>Fichiers de ressources\ennemi</Filter>
    </Image>
    <Image Include="..\..\..\..\Workspace\Projects\Somalia Simulator 2014\SS14 Reborn\data\ennemi\sprite03.bmp">
      <Filter>Fichiers de ressources\ennemi</Filter>
    </Image>
    <Image Include="..\..\..\..\Workspace\Projects\Somalia Simulator 2014\SS14 Reborn\data\ennemi\sprite03.orig.png">
      <Filter>Fichiers de ressources\ennemi</Filter>
    </Image>
    <Image Include="..\..\..\..\Workspace\Projects\Somalia Simulator 2014\SS14 Reborn\data\ennemi\sprite04.bmp">
      <Filter>Fichiers de ressources\ennemi</Filter>
    </Image>
    <Image Include="..\..\..\..\Workspace\Projects\Somalia Simulator 2014\SS14 Reborn\data\ennemi\sprite04.orig.png">
      <Filter>Fichiers de ressources\ennemi</Filter>
    </Image>
    <Image Include="..\..\..\..\Workspace\Projects\Somalia Simulator 2014\SS14 Reborn\data\ennemi\sprite05.bmp">
      <Filter>Fichiers de ressources\ennemi</Filter>
    </Image>
    <Image Include="..\..\..\..\Workspace\Projects\Somalia Simulator 2014\SS14 Reborn\data\ennemi\sprite05.orig.png">
      <Filter>Fichiers de ressources\ennemi</Filter>
    </Image>
    <Image Include="..\..\..\..\Workspace\Projects\Somalia Simulator 2014\SS14 Reborn\data\ennemi\sprite06.bmp">
      <Filter>Fichiers de ressources\ennemi</Filter>
    </Image>
    <Image Include="..\..\..\..\Workspace\Projects\Somalia Simulator 2014\SS14 Reborn\data\ennemi\sprite06.orig.png">
      <Filter>Fichiers de ressources\ennemi</Filter>
    </Image>
    <Image Include="..\..\..\..\Workspace\Projects\Somalia Simulator 2014\SS14 Reborn\data\ennemi\sprite07.bmp">
      <Filter>Fichiers de ressources\ennemi</Filter>
    </Image>
    <Image Include="..\..\..\..\Workspace\Projects\Somalia Simulator 2014\SS14 Reborn\data\ennemi\sprite07.orig.png">
      <Filter>Fichiers de ressources\ennemi</Filter>
    </Image>
    <Image Include="..\..\..\..\Workspace\Projects\Somalia Simulator 2014\SS14 Reborn\data\ennemi\sprite08.bmp">
      <Filter>Fichiers de ressources\ennemi</Filter>
    </Image>
    <Image Include="..\..\..\..\Workspace\Projects\Somalia Simulator 2014\SS14 Reborn\data\ennemi\sprite08.orig.png">
      <Filter>Fichiers de ressources\ennemi</Filter>
    </Image>
    <Image Include="..\..\..\..\Workspace\Projects\Somalia Simulator 2014\SS14 Reborn\data\ennemi\sprite09.bmp">
      <Filter>Fichiers de ressources\ennemi</Filter>
    </Image>
    <Image Include="..\..\..\..\Workspace\Projects\Somalia Simulator 2014\SS14 Reborn\data\ennemi\sprite09.orig.png">
      <Filter>Fichiers de ressources\ennemi</Filter>
    </Image>
    <Image Include="..\..\..\..\Workspace\Projects\Somalia Simulator 2014\SS14 Reborn\data\instructions\Frame00.bmp">
      <Filter>Fichiers de ressources\instructions</Filter>
    </Image>
    <Image Include="..\..\..\..\Workspace\Projects\Somalia Simulator 2014\SS14 Reborn\data\instructions\Frame01.bmp">
      <Filter>Fichiers de ressources\instructions</Filter>
    </Image>
    <Image Include="..\..\..\..\Workspace\Projects\Somalia Simulator 2014\SS14 Reborn\data\instructions\Frame02.bmp">
      <Filter>Fichiers de ressources\instructions</Filter>
    </Image>
    <Image Include="..\..\..\..\Workspace\Projects\Somalia Simulator 2014\SS14 Reborn\data\instructions\Frame03.bmp">
      <Filter>Fichiers de ressources\instructions</Filter>
    </Image>
    <Image Include="..\..\..\..\Workspace\Projects\Somalia Simulator 2014\SS14 Reborn\data\instructions\Frame04.bmp">
      <Filter>Fichiers de ressources\instructions</Filter>
    </Image>
    <Image Include="..\..\..\..\Workspace\Projects\Somalia Simulator 2014\SS14 Reborn\data\instructions\Frame05.bmp">
      <Filter>Fichiers de ressources\instructions</Filter>
    </Image>
    <Image Include="..\..\..\..\Workspace\Projects\Somalia Simulator 2014\SS14 Reborn\data\instructions\Frame06.bmp">
      <Filter>Fichiers de ressources\instructions</Filter>
    </Image>
    <Image Include="..\..\..\..\Workspace\Projects\Somalia Simulator 2014\SS14 Reborn\data\instructions\Frame07.bmp">
      <Filter>Fichiers de ressources\instructions</Filter>
    </Image>
    <Image Include="..\..\..\..\Workspace\Projects\Somalia Simulator 2014\SS14 Reborn\data\instructions\Frame08.bmp">
      <Filter>Fichiers de ressources\instructions</Filter>
    </Image>
    <Image Include="..\..\..\..\Workspace\Projects\Somalia Simulator 2014\SS14 Reborn\data\instructions\Frame09.bmp">
      <Filter>Fichiers de ressources\instructions</Filter>
    </Image>
    <Image Include="..\..\..\..\Workspace\Projects\Somalia Simulator 2014\SS14 Reborn\data\joueur\sprite01.bmp">
      <Filter>Fichiers de ressources\joueur</Filter>
    </Image>
    <Image Include="..\..\..\..\Workspace\Projects\Somalia Simulator 2014\SS14 Reborn\data\joueur\sprite1.orig.png">
      <Filter>Fichiers de ressources\joueur</Filter>
    </Image>
    <Image Include="..\..\..\..\Workspace\Projects\Somalia Simulator 2014\SS14 Reborn\data\joueur\sprite02.bmp">
      <Filter>Fichiers de ressources\joueur</Filter>
    </Image>
    <Image Include="..\..\..\..\Workspace\Projects\Somalia Simulator 2014\SS14 Reborn\data\joueur\sprite02.orig.png">
      <Filter>Fichiers de ressources\joueur</Filter>
    </Image>
    <Image Include="..\..\..\..\Workspace\Projects\Somalia Simulator 2014\SS14 Reborn\data\joueur\sprite03.bmp">
      <Filter>Fichiers de ressources\joueur</Filter>
    </Image>
    <Image Include="..\..\..\..\Workspace\Projects\Somalia Simulator 2014\SS14 Reborn\data\joueur\sprite03.orig.png">
      <Filter>Fichiers de ressources\joueur</Filter>
    </Image>
    <Image Include="..\..\..\..\Workspace\Projects\Somalia Simulator 2014\SS14 Reborn\data\joueur\sprite04.bmp">
      <Filter>Fichiers de ressources\joueur</Filter>
    </Image>
    <Image Include="..\..\..\..\Workspace\Projects\Somalia Simulator 2014\SS14 Reborn\data\joueur\sprite04.orig.png">
      <Filter>Fichiers de ressources\joueur</Filter>
    </Image>
    <Image Include="..\..\..\..\Workspace\Projects\Somalia Simulator 2014\SS14 Reborn\data\joueur\sprite05.bmp">
      <Filter>Fichiers de ressources\joueur</Filter>
    </Image>
    <Image Include="..\..\..\..\Workspace\Projects\Somalia Simulator 2014\SS14 Reborn\data\joueur\Sprite05.orig.png">
      <Filter>Fichiers de ressources\joueur</Filter>
    </Image>
    <Image Include="..\..\..\..\Workspace\Projects\Somalia Simulator 2014\SS14 Reborn\data\menu\Frame00.bmp">
      <Filter>Fichiers de ressources\menu</Filter>
    </Image>
    <Image Include="..\..\..\..\Workspace\Projects\Somalia Simulator 2014\SS14 Reborn\data\menu\Frame01.bmp">
      <Filter>Fichiers de ressources\menu</Filter>
    </Image>
    <Image Include="..\..\..\..\Workspace\Projects\Somalia Simulator 2014\SS14 Reborn\data\menu\Frame02.bmp">
      <Filter>Fichiers de ressources\menu</Filter>
    </Image>
    <Image Include="..\..\..\..\Workspace\Projects\Somalia Simulator 2014\SS14 Reborn\data\menu\Frame03.bmp">
      <Filter>Fichiers de ressources\menu</Filter>
    </Image>
    <Image Include="..\..\..\..\Workspace\Projects\Somalia Simulator 2014\SS14 Reborn\data\menu\Frame04.bmp">
      <Filter>Fichiers de ressources\menu</Filter>
    </Image>
    <Image Include="..\..\..\..\Workspace\Projects\Somalia Simulator 2014\SS14 Reborn\data\menu\Frame05.bmp">
      <Filter>Fichiers de ressources\menu</Filter>
    </Image>
    <Image Include="..\..\..\..\Workspace\Projects\Somalia Simulator 2014\SS14 Reborn\data\menu\Frame06.bmp">
      <Filter>Fichiers de ressources\menu</Filter>
    </Image>
    <Image Include="..\..\..\..\Workspace\Projects\Somalia Simulator 2014\SS14 Reborn\data\menu\Frame07.bmp">
      <Filter>Fichiers de ressources\menu</Filter>
    </Image>
    <Image Include="..\..\..\..\Workspace\Projects\Somalia Simulator 2014\SS14 Reborn\data\menu\Frame08.bmp">
      <Filter>Fichiers de ressources\menu</Filter>
    </Image>
    <Image Include="..\..\..\..\Workspace\Projects\Somalia Simulator 2014\SS14 Reborn\data\menu\Frame09.bmp">
      <Filter>Fichiers de ressources\menu</Filter>
    </Image>
    <Image Include="..\..\..\..\Workspace\Projects\Somalia Simulator 2014\SS14 Reborn\data\tir\sprite0.bmp">
      <Filter>Fichiers de ressources\tir</Filter>
    </Image>
    <Image Include="..\..\..\..\Workspace\Projects\Somalia Simulator 2014\SS14 Reborn\data\tir\sprite1.bmp">
      <Filter>Fichiers de ressources\tir</Filter>
    </Image>
    <Image Include="..\..\..\..\Workspace\Projects\Somalia Simulator 2014\SS14 Reborn\data\tir\sprite2.bmp">
      <Filter>Fichiers de ressources\tir</Filter>
    </Image>
    <Image Include="..\..\..\..\Workspace\Projects\Somalia Simulator 2014\SS14 Reborn\data\tir\sprite3.bmp">
      <Filter>Fichiers de ressources\tir</Filter>
    </Image>
    <Image Include="..\..\..\..\Workspace\Projects\Somalia Simulator 2014\SS14 Reborn\data\tir\sprite4.bmp">
      <Filter>Fichiers de ressources\tir</Filter>
    </Image>
    <Image Include="..\..\..\..\Workspace\Projects\Somalia Simulator 2014\SS14 Reborn\data\tir\sprite5.bmp">
      <Filter>Fichiers de ressources\tir</Filter>
    </Image>
    <Image Include="..\..\..\..\Workspace\Projects\Somalia Simulator 2014\SS14 Reborn\data\tir\sprite6.bmp">
      <Filter>Fichiers de ressources\tir</Filter>
    </Image>
    <Image Include="..\..\..\..\Workspace\Projects\Somalia Simulator 2014\SS14 Reborn\data\tir\sprite7.bmp">
      <Filter>Fichiers de ressources\tir</Filter>
    </Image>
    <Image Include="..\..\..\..\Workspace\Projects\Somalia Simulator 2014\SS14 Reborn\data\tir\sprite8.bmp">
      <Filter>Fichiers de ressources\tir</Filter>
    </Image>
    <Image Include="..\..\..\..\Workspace\Projects\Somalia Simulator 2014\SS14 Reborn\data\tir\sprite9.bmp">
      <Filter>Fichiers de ressources\tir</Filter>
    </Image>
  </ItemGroup>
  <ItemGroup>
    <Text Include="..\..\..\..\Workspace\Projects\Somalia Simulator 2014\SS14 Reborn\data\map.txt">
      <Filter>Fichiers de ressources</Filter>
    </Text>
    <Text Include="..\..\..\..\Workspace\Projects\Somalia Simulator 2014\SS14 Reborn\Readme.txt" />
  </ItemGroup>
  <ItemGroup>
    <ClCompile Include="..\..\..\..\Workspace\Projects\Somalia Simulator 2014\SS14 Reborn\src\Bateau.c">
      <Filter>Fichiers sources</Filter>
    </ClCompile>
    <ClCompile Include="..\..\..\..\Workspace\Projects\Somalia Simulator 2014\SS14 Reborn\src\Jeu.c">
      <Filter>Fichiers sources</Filter>
    </ClCompile>
    <ClCompile Include="..\..\..\..\Workspace\Projects\Somalia Simulator 2014\SS14 Reborn\src\Joueur.c">
      <Filter>Fichiers sources</Filter>
    </ClCompile>
    <ClCompile Include="..\..\..\..\Workspace\Projects\Somalia Simulator 2014\SS14 Reborn\src\main.c">
      <Filter>Fichiers sources</Filter>
    </ClCompile>
    <ClCompile Include="..\..\..\..\Workspace\Projects\Somalia Simulator 2014\SS14 Reborn\src\Manche.c">
      <Filter>Fichiers sources</Filter>
    </ClCompile>
    <ClCompile Include="..\..\..\..\Workspace\Projects\Somalia Simulator 2014\SS14 Reborn\src\Musique.c">
      <Filter>Fichiers sources</Filter>
    </ClCompile>
    <ClCompile Include="..\..\..\..\Workspace\Projects\Somalia Simulator 2014\SS14 Reborn\src\Position.c">
      <Filter>Fichiers sources</Filter>
    </ClCompile>
    <ClCompile Include="..\..\..\..\Workspace\Projects\Somalia Simulator 2014\SS14 Reborn\src\SDL.c">
      <Filter>Fichiers sources</Filter>
    </ClCompile>
    <ClCompile Include="..\..\..\..\Workspace\Projects\Somalia Simulator 2014\SS14 Reborn\src\SDLjeu.c">
      <Filter>Fichiers sources</Filter>
    </ClCompile>
    <ClCompile Include="..\..\..\..\Workspace\Projects\Somalia Simulator 2014\SS14 Reborn\src\SDLmain.c">
      <Filter>Fichiers sources</Filter>
    </ClCompile>
    <ClCompile Include="..\..\..\..\Workspace\Projects\Somalia Simulator 2014\SS14 Reborn\src\Sprite.c">
      <Filter>Fichiers sources</Filter>
    </ClCompile>
    <ClCompile Include="..\..\..\..\Workspace\Projects\Somalia Simulator 2014\SS14 Reborn\src\TableauDynamiqueEnnemi.c">
      <Filter>Fichiers sources</Filter>
    </ClCompile>
    <ClCompile Include="..\..\..\..\Workspace\Projects\Somalia Simulator 2014\SS14 Reborn\src\TableauDynamiqueTir.c">
      <Filter>Fichiers sources</Filter>
    </ClCompile>
    <ClCompile Include="..\..\..\..\Workspace\Projects\Somalia Simulator 2014\SS14 Reborn\src\Terrain.c">
      <Filter>Fichiers sources</Filter>
    </ClCompile>
    <ClCompile Include="..\..\..\..\Workspace\Projects\Somalia Simulator 2014\SS14 Reborn\src\testnCurses.c">
      <Filter>Fichiers sources</Filter>
    </ClCompile>
    <ClCompile Include="..\..\..\..\Workspace\Projects\Somalia Simulator 2014\SS14 Reborn\src\Tir.c">
      <Filter>Fichiers sources</Filter>
    </ClCompile>
  </ItemGroup>
  <ItemGroup>
    <ClInclude Include="..\..\..\..\Workspace\Projects\Somalia Simulator 2014\SS14 Reborn\src\Bateau.h">
      <Filter>Fichiers d%27en-tête</Filter>
    </ClInclude>
    <ClInclude Include="..\..\..\..\Workspace\Projects\Somalia Simulator 2014\SS14 Reborn\src\Constantes.h">
      <Filter>Fichiers d%27en-tête</Filter>
    </ClInclude>
    <ClInclude Include="..\..\..\..\Workspace\Projects\Somalia Simulator 2014\SS14 Reborn\src\Jeu.h">
      <Filter>Fichiers d%27en-tête</Filter>
    </ClInclude>
    <ClInclude Include="..\..\..\..\Workspace\Projects\Somalia Simulator 2014\SS14 Reborn\src\Joueur.h">
      <Filter>Fichiers d%27en-tête</Filter>
    </ClInclude>
    <ClInclude Include="..\..\..\..\Workspace\Projects\Somalia Simulator 2014\SS14 Reborn\src\Manche.h">
      <Filter>Fichiers d%27en-tête</Filter>
    </ClInclude>
    <ClInclude Include="..\..\..\..\Workspace\Projects\Somalia Simulator 2014\SS14 Reborn\src\Musique.h">
      <Filter>Fichiers d%27en-tête</Filter>
    </ClInclude>
    <ClInclude Include="..\..\..\..\Workspace\Projects\Somalia Simulator 2014\SS14 Reborn\src\Position.h">
      <Filter>Fichiers d%27en-tête</Filter>
    </ClInclude>
    <ClInclude Include="..\..\..\..\Workspace\Projects\Somalia Simulator 2014\SS14 Reborn\src\SDLjeu.h">
      <Filter>Fichiers d%27en-tête</Filter>
    </ClInclude>
    <ClInclude Include="..\..\..\..\Workspace\Projects\Somalia Simulator 2014\SS14 Reborn\src\Sprite.h">
      <Filter>Fichiers d%27en-tête</Filter>
    </ClInclude>
    <ClInclude Include="..\..\..\..\Workspace\Projects\Somalia Simulator 2014\SS14 Reborn\src\TableauDynamiqueEnnemi.h">
      <Filter>Fichiers d%27en-tête</Filter>
    </ClInclude>
    <ClInclude Include="..\..\..\..\Workspace\Projects\Somalia Simulator 2014\SS14 Reborn\src\TableauDynamiqueTir.h">
      <Filter>Fichiers d%27en-tête</Filter>
    </ClInclude>
    <ClInclude Include="..\..\..\..\Workspace\Projects\Somalia Simulator 2014\SS14 Reborn\src\Terrain.h">
      <Filter>Fichiers d%27en-tête</Filter>
    </ClInclude>
    <ClInclude Include="..\..\..\..\Workspace\Projects\Somalia Simulator 2014\SS14 Reborn\src\testnCurses.h">
      <Filter>Fichiers d%27en-tête</Filter>
    </ClInclude>
    <ClInclude Include="..\..\..\..\Workspace\Projects\Somalia Simulator 2014\SS14 Reborn\src\Tir.h">
      <Filter>Fichiers d%27en-tête</Filter>
    </ClInclude>
  </ItemGroup>
  <ItemGroup>
    <ResourceCompile Include="..\..\..\..\Workspace\Projects\Somalia Simulator 2014\SS14 Reborn\src\ressources.rc">
      <Filter>Fichiers de ressources</Filter>
    </ResourceCompile>
  </ItemGroup>
  <ItemGroup>
    <Media Include="..\..\..\..\Workspace\Projects\Somalia Simulator 2014\SS14 Reborn\data\musique\Boss Final.mp3">
      <Filter>Fichiers de ressources\musique</Filter>
    </Media>
    <Media Include="..\..\..\..\Workspace\Projects\Somalia Simulator 2014\SS14 Reborn\data\musique\Boss Final.old.mp3">
      <Filter>Fichiers de ressources\musique</Filter>
    </Media>
    <Media Include="..\..\..\..\Workspace\Projects\Somalia Simulator 2014\SS14 Reborn\data\musique\boss.mp3">
      <Filter>Fichiers de ressources\musique</Filter>
    </Media>
    <Media Include="..\..\..\..\Workspace\Projects\Somalia Simulator 2014\SS14 Reborn\data\musique\chargement.mp3">
      <Filter>Fichiers de ressources\musique</Filter>
    </Media>
    <Media Include="..\..\..\..\Workspace\Projects\Somalia Simulator 2014\SS14 Reborn\data\musique\credit.mp3">
      <Filter>Fichiers de ressources\musique</Filter>
    </Media>
    <Media Include="..\..\..\..\Workspace\Projects\Somalia Simulator 2014\SS14 Reborn\data\musique\Fire Boulet.mp3">
      <Filter>Fichiers de ressources\musique</Filter>
    </Media>
    <Media Include="..\..\..\..\Workspace\Projects\Somalia Simulator 2014\SS14 Reborn\data\musique\Fire Boulet2.mp3">
      <Filter>Fichiers de ressources\musique</Filter>
    </Media>
    <Media Include="..\..\..\..\Workspace\Projects\Somalia Simulator 2014\SS14 Reborn\data\musique\GameOverYeah.mp3">
      <Filter>Fichiers de ressources\musique</Filter>
    </Media>
    <Media Include="..\..\..\..\Workspace\Projects\Somalia Simulator 2014\SS14 Reborn\data\musique\IntroBoss.mp3">
      <Filter>Fichiers de ressources\musique</Filter>
    </Media>
    <Media Include="..\..\..\..\Workspace\Projects\Somalia Simulator 2014\SS14 Reborn\data\musique\musiquePGM.mp3">
      <Filter>Fichiers de ressources\musique</Filter>
    </Media>
    <Media Include="..\..\..\..\Workspace\Projects\Somalia Simulator 2014\SS14 Reborn\data\musique\Project SS14.MP3">
      <Filter>Fichiers de ressources\musique</Filter>
    </Media>
  </ItemGroup>
  <ItemGroup>
    <Font Include="..\..\..\..\Workspace\Projects\Somalia Simulator 2014\SS14 Reborn\data\police\game_over.ttf">
      <Filter>Fichiers de ressources\police</Filter>
    </Font>
    <Font Include="..\..\..\..\Workspace\Projects\Somalia Simulator 2014\SS14 Reborn\data\police\impact.ttf">
      <Filter>Fichiers de ressources\police</Filter>
    </Font>
  </ItemGroup>
</Project>